
Microsoft Visual Studio Solution File, Format Version 12.00
# Visual Studio 15
VisualStudioVersion = 15.0.28307.1145
MinimumVisualStudioVersion = 10.0.40219.1
Project("{FAE04EC0-301F-11D3-BF4B-00C04F79EFBC}") = "RecuperatorioNicoD", "RecuperatorioNicoD\RecuperatorioNicoD.csproj", "{54A1E20B-9E3F-4112-85F4-5ACE47312834}"
EndProject
Project("{FAE04EC0-301F-11D3-BF4B-00C04F79EFBC}") = "Logica", "Logica\Logica.csproj", "{43447FE9-B463-469C-8BCD-2062B88FD620}"
EndProject
Project("{FAE04EC0-301F-11D3-BF4B-00C04F79EFBC}") = "Test", "Test\Test.csproj", "{9B937D7E-A930-422D-A6CD-A24F95DDC7BD}"
EndProject
Global
	GlobalSection(SolutionConfigurationPlatforms) = preSolution
		Debug|Any CPU = Debug|Any CPU
		Release|Any CPU = Release|Any CPU
	EndGlobalSection
	GlobalSection(ProjectConfigurationPlatforms) = postSolution
		{54A1E20B-9E3F-4112-85F4-5ACE47312834}.Debug|Any CPU.ActiveCfg = Debug|Any CPU
		{54A1E20B-9E3F-4112-85F4-5ACE47312834}.Debug|Any CPU.Build.0 = Debug|Any CPU
		{54A1E20B-9E3F-4112-85F4-5ACE47312834}.Release|Any CPU.ActiveCfg = Release|Any CPU
		{54A1E20B-9E3F-4112-85F4-5ACE47312834}.Release|Any CPU.Build.0 = Release|Any CPU
		{43447FE9-B463-469C-8BCD-2062B88FD620}.Debug|Any CPU.ActiveCfg = Debug|Any CPU
		{43447FE9-B463-469C-8BCD-2062B88FD620}.Debug|Any CPU.Build.0 = Debug|Any CPU
		{43447FE9-B463-469C-8BCD-2062B88FD620}.Release|Any CPU.ActiveCfg = Release|Any CPU
		{43447FE9-B463-469C-8BCD-2062B88FD620}.Release|Any CPU.Build.0 = Release|Any CPU
		{9B937D7E-A930-422D-A6CD-A24F95DDC7BD}.Debug|Any CPU.ActiveCfg = Debug|Any CPU
		{9B937D7E-A930-422D-A6CD-A24F95DDC7BD}.Debug|Any CPU.Build.0 = Debug|Any CPU
		{9B937D7E-A930-422D-A6CD-A24F95DDC7BD}.Release|Any CPU.ActiveCfg = Release|Any CPU
		{9B937D7E-A930-422D-A6CD-A24F95DDC7BD}.Release|Any CPU.Build.0 = Release|Any CPU
	EndGlobalSection
	GlobalSection(SolutionProperties) = preSolution
		HideSolutionNode = FALSE
	EndGlobalSection
	GlobalSection(ExtensibilityGlobals) = postSolution
		SolutionGuid = {D098B628-C92B-484F-9E7C-0C7E97B1D183}
	EndGlobalSection
EndGlobal
